
Microsoft Visual Studio Solution File, Format Version 12.00
# Visual Studio Version 17
VisualStudioVersion = 17.3.32922.545
MinimumVisualStudioVersion = 10.0.40219.1
Project("{FAE04EC0-301F-11D3-BF4B-00C04F79EFBC}") = "consolhesaplama", "consolhesaplama\consolhesaplama.csproj", "{B240AAC5-CC24-42E7-A5A2-8DB844812F44}"
EndProject
Global
	GlobalSection(SolutionConfigurationPlatforms) = preSolution
		Debug|Any CPU = Debug|Any CPU
		Release|Any CPU = Release|Any CPU
	EndGlobalSection
	GlobalSection(ProjectConfigurationPlatforms) = postSolution
		{B240AAC5-CC24-42E7-A5A2-8DB844812F44}.Debug|Any CPU.ActiveCfg = Debug|Any CPU
		{B240AAC5-CC24-42E7-A5A2-8DB844812F44}.Debug|Any CPU.Build.0 = Debug|Any CPU
		{B240AAC5-CC24-42E7-A5A2-8DB844812F44}.Release|Any CPU.ActiveCfg = Release|Any CPU
		{B240AAC5-CC24-42E7-A5A2-8DB844812F44}.Release|Any CPU.Build.0 = Release|Any CPU
	EndGlobalSection
	GlobalSection(SolutionProperties) = preSolution
		HideSolutionNode = FALSE
	EndGlobalSection
	GlobalSection(ExtensibilityGlobals) = postSolution
		SolutionGuid = {6D929394-D1F8-424B-9AAF-1BA6C53D7432}
	EndGlobalSection
EndGlobal
